<?xml version="1.0" encoding="UTF-8" standalone="yes" ?>
<CodeBlocks_project_file>
	<FileVersion major="1" minor="6" />
	<Project>
		<Option title="CrapSim" />
		<Option pch_mode="2" />
		<Option compiler="gcc" />
		<Build>
			<Target title="Debug">
				<Option output="bin/Debug/CrapSim" prefix_auto="1" extension_auto="1" />
				<Option object_output="obj/Debug/" />
				<Option type="1" />
				<Option compiler="gcc" />
				<Option parameters="CrapSimSimple.ini" />
				<Compiler>
					<Add option="-g" />
					<Add directory="include" />
					<Add directory="../CDataFile/include" />
				</Compiler>
			</Target>
			<Target title="Release">
				<Option output="bin/Release/CrapSim" prefix_auto="1" extension_auto="1" />
				<Option object_output="obj/Release/" />
				<Option type="1" />
				<Option compiler="gcc" />
				<Compiler>
					<Add option="-O2" />
					<Add directory="include" />
				</Compiler>
				<Linker>
					<Add option="-s" />
				</Linker>
			</Target>
		</Build>
		<Compiler>
			<Add option="-Wall" />
			<Add option="-fexceptions" />
		</Compiler>
		<Unit filename="../CDataFile/include/CDataFile.h" />
		<Unit filename="../CDataFile/src/CDataFile.cpp" />
		<Unit filename="include/Bet.h" />
		<Unit filename="include/CrapSimVersion.h" />
		<Unit filename="include/Dice.h" />
		<Unit filename="include/Die.h" />
		<Unit filename="include/Money.h" />
		<Unit filename="include/QualifiedShooter.h" />
		<Unit filename="include/Simulation.h" />
		<Unit filename="include/Strategy.h" />
		<Unit filename="include/StrategyTracker.h" />
		<Unit filename="include/Table.h" />
		<Unit filename="main.cpp" />
		<Unit filename="src/Bet.cpp" />
		<Unit filename="src/Dice.cpp" />
		<Unit filename="src/Die.cpp" />
		<Unit filename="src/Money.cpp" />
		<Unit filename="src/QualifiedShooter.cpp" />
		<Unit filename="src/Simulation.cpp" />
		<Unit filename="src/Strategy.cpp" />
		<Unit filename="src/StrategyTracker.cpp" />
		<Unit filename="src/Table.cpp" />
		<Extensions>
			<code_completion />
			<debugger />
		</Extensions>
	</Project>
</CodeBlocks_project_file>
